
Microsoft Visual Studio Solution File, Format Version 12.00
# Visual Studio Version 16
VisualStudioVersion = 16.0.29613.14
MinimumVisualStudioVersion = 10.0.40219.1
Project("{FAE04EC0-301F-11D3-BF4B-00C04F79EFBC}") = "Lab1", "Lab1\Lab1.csproj", "{ACCEDB4E-9921-47C6-963E-D26593A6FB62}"
EndProject
Global
	GlobalSection(SolutionConfigurationPlatforms) = preSolution
		Debug|Any CPU = Debug|Any CPU
		Release|Any CPU = Release|Any CPU
	EndGlobalSection
	GlobalSection(ProjectConfigurationPlatforms) = postSolution
		{ACCEDB4E-9921-47C6-963E-D26593A6FB62}.Debug|Any CPU.ActiveCfg = Debug|Any CPU
		{ACCEDB4E-9921-47C6-963E-D26593A6FB62}.Debug|Any CPU.Build.0 = Debug|Any CPU
		{ACCEDB4E-9921-47C6-963E-D26593A6FB62}.Release|Any CPU.ActiveCfg = Release|Any CPU
		{ACCEDB4E-9921-47C6-963E-D26593A6FB62}.Release|Any CPU.Build.0 = Release|Any CPU
	EndGlobalSection
	GlobalSection(SolutionProperties) = preSolution
		HideSolutionNode = FALSE
	EndGlobalSection
	GlobalSection(ExtensibilityGlobals) = postSolution
		SolutionGuid = {A5C51669-3E5E-4EF3-B616-4EE07A59214E}
	EndGlobalSection
EndGlobal
